
Microsoft Visual Studio Solution File, Format Version 12.00
# Visual Studio Version 17
VisualStudioVersion = 17.7.34024.191
MinimumVisualStudioVersion = 10.0.40219.1
Project("{9A19103F-16F7-4668-BE54-9A1E7A4F7556}") = "ConsoleApp", "ConsoleApp\ConsoleApp.csproj", "{5B67DBAE-9876-4DBF-9F90-A0356EFC010A}"
EndProject
Project("{9A19103F-16F7-4668-BE54-9A1E7A4F7556}") = "WebApplication1", "WebApplication1\WebApplication1.csproj", "{B294C56B-EC2F-4782-8540-A167D74C3918}"
EndProject
Project("{9A19103F-16F7-4668-BE54-9A1E7A4F7556}") = "MinimalApiApp", "MinimalApiApp\MinimalApiApp.csproj", "{50F79153-9E14-496E-A64A-304443609876}"
EndProject
Project("{FAE04EC0-301F-11D3-BF4B-00C04F79EFBC}") = "OtlpConsoleApp", "OtlpConsoleApp\OtlpConsoleApp.csproj", "{78FF90B6-57DF-4CC9-9ABB-E35148913C78}"
EndProject
Project("{FAE04EC0-301F-11D3-BF4B-00C04F79EFBC}") = "OtlpWebApplication", "OtlpWebApplication\OtlpWebApplication.csproj", "{8940E0CD-E976-4445-9D8F-0B634CDB88C2}"
EndProject
Global
	GlobalSection(SolutionConfigurationPlatforms) = preSolution
		Debug|Any CPU = Debug|Any CPU
		Release|Any CPU = Release|Any CPU
	EndGlobalSection
	GlobalSection(ProjectConfigurationPlatforms) = postSolution
		{5B67DBAE-9876-4DBF-9F90-A0356EFC010A}.Debug|Any CPU.ActiveCfg = Debug|Any CPU
		{5B67DBAE-9876-4DBF-9F90-A0356EFC010A}.Debug|Any CPU.Build.0 = Debug|Any CPU
		{5B67DBAE-9876-4DBF-9F90-A0356EFC010A}.Release|Any CPU.ActiveCfg = Release|Any CPU
		{5B67DBAE-9876-4DBF-9F90-A0356EFC010A}.Release|Any CPU.Build.0 = Release|Any CPU
		{B294C56B-EC2F-4782-8540-A167D74C3918}.Debug|Any CPU.ActiveCfg = Debug|Any CPU
		{B294C56B-EC2F-4782-8540-A167D74C3918}.Debug|Any CPU.Build.0 = Debug|Any CPU
		{B294C56B-EC2F-4782-8540-A167D74C3918}.Release|Any CPU.ActiveCfg = Release|Any CPU
		{B294C56B-EC2F-4782-8540-A167D74C3918}.Release|Any CPU.Build.0 = Release|Any CPU
		{50F79153-9E14-496E-A64A-304443609876}.Debug|Any CPU.ActiveCfg = Debug|Any CPU
		{50F79153-9E14-496E-A64A-304443609876}.Debug|Any CPU.Build.0 = Debug|Any CPU
		{50F79153-9E14-496E-A64A-304443609876}.Release|Any CPU.ActiveCfg = Release|Any CPU
		{50F79153-9E14-496E-A64A-304443609876}.Release|Any CPU.Build.0 = Release|Any CPU
		{78FF90B6-57DF-4CC9-9ABB-E35148913C78}.Debug|Any CPU.ActiveCfg = Debug|Any CPU
		{78FF90B6-57DF-4CC9-9ABB-E35148913C78}.Debug|Any CPU.Build.0 = Debug|Any CPU
		{78FF90B6-57DF-4CC9-9ABB-E35148913C78}.Release|Any CPU.ActiveCfg = Release|Any CPU
		{78FF90B6-57DF-4CC9-9ABB-E35148913C78}.Release|Any CPU.Build.0 = Release|Any CPU
		{8940E0CD-E976-4445-9D8F-0B634CDB88C2}.Debug|Any CPU.ActiveCfg = Debug|Any CPU
		{8940E0CD-E976-4445-9D8F-0B634CDB88C2}.Debug|Any CPU.Build.0 = Debug|Any CPU
		{8940E0CD-E976-4445-9D8F-0B634CDB88C2}.Release|Any CPU.ActiveCfg = Release|Any CPU
		{8940E0CD-E976-4445-9D8F-0B634CDB88C2}.Release|Any CPU.Build.0 = Release|Any CPU
	EndGlobalSection
	GlobalSection(SolutionProperties) = preSolution
		HideSolutionNode = FALSE
	EndGlobalSection
	GlobalSection(ExtensibilityGlobals) = postSolution
		SolutionGuid = {EFA79BCB-6D3E-483D-94B0-117BE202B3E9}
	EndGlobalSection
EndGlobal
